
Microsoft Visual Studio Solution File, Format Version 12.00
# Visual Studio 2012
Project("{FAE04EC0-301F-11D3-BF4B-00C04F79EFBC}") = "CollaborativePrioritizationDemo", "CollaborativePrioritizationDemo\CollaborativePrioritizationDemo.csproj", "{BD6C80ED-2499-4E03-8A3F-37D137B30E80}"
EndProject
Global
	GlobalSection(SolutionConfigurationPlatforms) = preSolution
		Debug|Any CPU = Debug|Any CPU
		Release|Any CPU = Release|Any CPU
	EndGlobalSection
	GlobalSection(ProjectConfigurationPlatforms) = postSolution
		{BD6C80ED-2499-4E03-8A3F-37D137B30E80}.Debug|Any CPU.ActiveCfg = Debug|Any CPU
		{BD6C80ED-2499-4E03-8A3F-37D137B30E80}.Debug|Any CPU.Build.0 = Debug|Any CPU
		{BD6C80ED-2499-4E03-8A3F-37D137B30E80}.Release|Any CPU.ActiveCfg = Release|Any CPU
		{BD6C80ED-2499-4E03-8A3F-37D137B30E80}.Release|Any CPU.Build.0 = Release|Any CPU
	EndGlobalSection
	GlobalSection(SolutionProperties) = preSolution
		HideSolutionNode = FALSE
	EndGlobalSection
EndGlobal
